{
  "R": {
    "Version": "4.1.2",
    "Repositories": [
      {
        "Name": "CRAN",
        "URL": "https://cloud.r-project.org"
      }
    ]
  },
  "Packages": {
    "KernSmooth": {
      "Package": "KernSmooth",
      "Version": "2.23-20",
      "Source": "Repository",
      "Repository": "CRAN",
      "Hash": "8dcfa99b14c296bc9f1fd64d52fd3ce7",
      "Requirements": []
    },
    "MASS": {
      "Package": "MASS",
      "Version": "7.3-55",
      "Source": "Repository",
      "Repository": "CRAN",
      "Hash": "c5232ffb549f6d7a04a152c34ca1353d",
      "Requirements": []
    },
    "Matrix": {
      "Package": "Matrix",
      "Version": "1.4-0",
      "Source": "Repository",
      "Repository": "CRAN",
      "Hash": "130c0caba175739d98f2963c6a407cf6",
      "Requirements": [
        "lattice"
      ]
    },
    "boot": {
      "Package": "boot",
      "Version": "1.3-28",
      "Source": "Repository",
      "Repository": "CRAN",
      "Hash": "0baa960e3b49c6176a4f42addcbacc59",
      "Requirements": []
    },
    "class": {
      "Package": "class",
      "Version": "7.3-20",
      "Source": "Repository",
      "Repository": "CRAN",
      "Hash": "da09d82223e669d270e47ed24ac8686e",
      "Requirements": [
        "MASS"
      ]
    },
    "cluster": {
      "Package": "cluster",
      "Version": "2.1.2",
      "Source": "Repository",
      "Repository": "CRAN",
      "Hash": "ce49bfe5bc0b3ecd43a01fe1b01c2243",
      "Requirements": []
    },
    "lattice": {
      "Package": "lattice",
      "Version": "0.20-45",
      "Source": "Repository",
      "Repository": "CRAN",
      "Hash": "b64cdbb2b340437c4ee047a1f4c4377b",
      "Requirements": []
    },
    "mgcv": {
      "Package": "mgcv",
      "Version": "1.8-38",
      "Source": "Repository",
      "Repository": "CRAN",
      "Hash": "be3c61ffbb1e3d3b3df214d192ac5444",
      "Requirements": [
        "Matrix",
        "nlme"
      ]
    },
    "nlme": {
      "Package": "nlme",
      "Version": "3.1-155",
      "Source": "Repository",
      "Repository": "CRAN",
      "Hash": "74ad940dccc9e977189a5afe5fcdb7ba",
      "Requirements": [
        "lattice"
      ]
    },
    "nnet": {
      "Package": "nnet",
      "Version": "7.3-17",
      "Source": "Repository",
      "Repository": "CRAN",
      "Hash": "cb1d8d9f300a7e536b89c8a88c53f610",
      "Requirements": []
    },
    "renv": {
      "Package": "renv",
      "Version": "0.15.2",
      "Source": "Repository",
      "Repository": "CRAN",
      "Hash": "206c4ef8b7ad6fb1060d69aa7b9dfe69",
      "Requirements": []
    },
    "rpart": {
      "Package": "rpart",
      "Version": "4.1.16",
      "Source": "Repository",
      "Repository": "CRAN",
      "Hash": "ea3ca1d9473daabb3cd0f1b4f974c1ed",
      "Requirements": []
    },
    "spatial": {
      "Package": "spatial",
      "Version": "7.3-11",
      "Source": "Repository",
      "Repository": "CRAN",
      "Hash": "f27a078d834614513608da2c08031130",
      "Requirements": []
    },
    "survival": {
      "Package": "survival",
      "Version": "3.2-13",
      "Source": "Repository",
      "Repository": "CRAN",
      "Hash": "6f0a0fadc63bc6570fe172770f15bbc4",
      "Requirements": [
        "Matrix"
      ]
    }
  }
}
